// !$*UTF8*$!
{
	archiveVersion = 1;
	classes = {
	};
	objectVersion = 55;
	objects = {

/* Begin PBXBuildFile section */
		DE94FFC1275E7A8E002181C8 /* FeatureCollectionViewCell.swift in Sources */ = {isa = PBXBuildFile; fileRef = DE94FFC0275E7A8E002181C8 /* FeatureCollectionViewCell.swift */; };
		DE94FFC6275E94C3002181C8 /* CollectionViewCell+Extensions.swift in Sources */ = {isa = PBXBuildFile; fileRef = DE94FFC5275E94C3002181C8 /* CollectionViewCell+Extensions.swift */; };
		DE94FFC9275EAACB002181C8 /* sampleData.json in Resources */ = {isa = PBXBuildFile; fileRef = DE94FFC8275EAACB002181C8 /* sampleData.json */; };
		DE94FFD02760185C002181C8 /* ListTableCell.swift in Sources */ = {isa = PBXBuildFile; fileRef = DE94FFCF2760185C002181C8 /* ListTableCell.swift */; };
		DE94FFD327601F67002181C8 /* SectionHeader.swift in Sources */ = {isa = PBXBuildFile; fileRef = DE94FFD227601F67002181C8 /* SectionHeader.swift */; };
		DE94FFDB27603C06002181C8 /* ConfigureCell.swift in Sources */ = {isa = PBXBuildFile; fileRef = DE94FFD627603C06002181C8 /* ConfigureCell.swift */; };
		DE94FFDC27603C06002181C8 /* UIView+Constraints.swift in Sources */ = {isa = PBXBuildFile; fileRef = DE94FFD727603C06002181C8 /* UIView+Constraints.swift */; };
		DE94FFDD27603C06002181C8 /* UIColor+Random.swift in Sources */ = {isa = PBXBuildFile; fileRef = DE94FFD827603C06002181C8 /* UIColor+Random.swift */; };
		DE94FFDE27603C06002181C8 /* Decodable+Parse.swift in Sources */ = {isa = PBXBuildFile; fileRef = DE94FFD927603C06002181C8 /* Decodable+Parse.swift */; };
		DE94FFDF27603C06002181C8 /* ViewCode.swift in Sources */ = {isa = PBXBuildFile; fileRef = DE94FFDA27603C06002181C8 /* ViewCode.swift */; };
		DE94FFE227603C33002181C8 /* App.swift in Sources */ = {isa = PBXBuildFile; fileRef = DE94FFE027603C33002181C8 /* App.swift */; };
		DE94FFE327603C33002181C8 /* Section.swift in Sources */ = {isa = PBXBuildFile; fileRef = DE94FFE127603C33002181C8 /* Section.swift */; };
		DE95486C2763991500761D4F /* DownloadTableCell.swift in Sources */ = {isa = PBXBuildFile; fileRef = DE95486B2763991500761D4F /* DownloadTableCell.swift */; };
		DEAD031B275BCC0400CB6C0C /* ViewCodePreview.framework in Frameworks */ = {isa = PBXBuildFile; fileRef = DEAD0318275BCB2C00CB6C0C /* ViewCodePreview.framework */; platformFilter = ios; };
		DEAD031C275BCC0400CB6C0C /* ViewCodePreview.framework in Embed Frameworks */ = {isa = PBXBuildFile; fileRef = DEAD0318275BCB2C00CB6C0C /* ViewCodePreview.framework */; settings = {ATTRIBUTES = (CodeSignOnCopy, RemoveHeadersOnCopy, ); }; };
		DED47B92275AA31700F299CB /* AppDelegate.swift in Sources */ = {isa = PBXBuildFile; fileRef = DED47B91275AA31700F299CB /* AppDelegate.swift */; };
		DED47B94275AA31700F299CB /* SceneDelegate.swift in Sources */ = {isa = PBXBuildFile; fileRef = DED47B93275AA31700F299CB /* SceneDelegate.swift */; };
		DED47B9B275AA31C00F299CB /* Assets.xcassets in Resources */ = {isa = PBXBuildFile; fileRef = DED47B9A275AA31C00F299CB /* Assets.xcassets */; };
		DED47B9E275AA31C00F299CB /* LaunchScreen.storyboard in Resources */ = {isa = PBXBuildFile; fileRef = DED47B9C275AA31C00F299CB /* LaunchScreen.storyboard */; };
		DED47BCA275AAF2C00F299CB /* ViewController.swift in Sources */ = {isa = PBXBuildFile; fileRef = DED47B95275AA31700F299CB /* ViewController.swift */; };
/* End PBXBuildFile section */

/* Begin PBXContainerItemProxy section */
		DEAD0317275BCB2C00CB6C0C /* PBXContainerItemProxy */ = {
			isa = PBXContainerItemProxy;
			containerPortal = DEAD0313275BCB2C00CB6C0C /* ViewCodePreview.xcodeproj */;
			proxyType = 2;
			remoteGlobalIDString = DED47BAF275AA44400F299CB;
			remoteInfo = ViewCodePreview;
		};
/* End PBXContainerItemProxy section */

/* Begin PBXCopyFilesBuildPhase section */
		DEAD031D275BCC0400CB6C0C /* Embed Frameworks */ = {
			isa = PBXCopyFilesBuildPhase;
			buildActionMask = 2147483647;
			dstPath = "";
			dstSubfolderSpec = 10;
			files = (
				DEAD031C275BCC0400CB6C0C /* ViewCodePreview.framework in Embed Frameworks */,
			);
			name = "Embed Frameworks";
			runOnlyForDeploymentPostprocessing = 0;
		};
/* End PBXCopyFilesBuildPhase section */

/* Begin PBXFileReference section */
		DE94FFC0275E7A8E002181C8 /* FeatureCollectionViewCell.swift */ = {isa = PBXFileReference; lastKnownFileType = sourcecode.swift; path = FeatureCollectionViewCell.swift; sourceTree = "<group>"; };
		DE94FFC5275E94C3002181C8 /* CollectionViewCell+Extensions.swift */ = {isa = PBXFileReference; lastKnownFileType = sourcecode.swift; path = "CollectionViewCell+Extensions.swift"; sourceTree = "<group>"; };
		DE94FFC8275EAACB002181C8 /* sampleData.json */ = {isa = PBXFileReference; fileEncoding = 4; lastKnownFileType = text.json; name = sampleData.json; path = appStoreLayout/sampleData.json; sourceTree = SOURCE_ROOT; };
		DE94FFCF2760185C002181C8 /* ListTableCell.swift */ = {isa = PBXFileReference; lastKnownFileType = sourcecode.swift; path = ListTableCell.swift; sourceTree = "<group>"; };
		DE94FFD227601F67002181C8 /* SectionHeader.swift */ = {isa = PBXFileReference; lastKnownFileType = sourcecode.swift; path = SectionHeader.swift; sourceTree = "<group>"; };
		DE94FFD627603C06002181C8 /* ConfigureCell.swift */ = {isa = PBXFileReference; fileEncoding = 4; lastKnownFileType = sourcecode.swift; path = ConfigureCell.swift; sourceTree = "<group>"; };
		DE94FFD727603C06002181C8 /* UIView+Constraints.swift */ = {isa = PBXFileReference; fileEncoding = 4; lastKnownFileType = sourcecode.swift; path = "UIView+Constraints.swift"; sourceTree = "<group>"; };
		DE94FFD827603C06002181C8 /* UIColor+Random.swift */ = {isa = PBXFileReference; fileEncoding = 4; lastKnownFileType = sourcecode.swift; path = "UIColor+Random.swift"; sourceTree = "<group>"; };
		DE94FFD927603C06002181C8 /* Decodable+Parse.swift */ = {isa = PBXFileReference; fileEncoding = 4; lastKnownFileType = sourcecode.swift; path = "Decodable+Parse.swift"; sourceTree = "<group>"; };
		DE94FFDA27603C06002181C8 /* ViewCode.swift */ = {isa = PBXFileReference; fileEncoding = 4; lastKnownFileType = sourcecode.swift; path = ViewCode.swift; sourceTree = "<group>"; };
		DE94FFE027603C33002181C8 /* App.swift */ = {isa = PBXFileReference; fileEncoding = 4; lastKnownFileType = sourcecode.swift; path = App.swift; sourceTree = "<group>"; };
		DE94FFE127603C33002181C8 /* Section.swift */ = {isa = PBXFileReference; fileEncoding = 4; lastKnownFileType = sourcecode.swift; path = Section.swift; sourceTree = "<group>"; };
		DE95486B2763991500761D4F /* DownloadTableCell.swift */ = {isa = PBXFileReference; lastKnownFileType = sourcecode.swift; path = DownloadTableCell.swift; sourceTree = "<group>"; };
		DEAD0310275BCA5A00CB6C0C /* ViewCodePreview.framework */ = {isa = PBXFileReference; explicitFileType = wrapper.framework; path = ViewCodePreview.framework; sourceTree = BUILT_PRODUCTS_DIR; };
		DEAD0313275BCB2C00CB6C0C /* ViewCodePreview.xcodeproj */ = {isa = PBXFileReference; lastKnownFileType = "wrapper.pb-project"; name = ViewCodePreview.xcodeproj; path = ../../../frameworks/ViewCodePreview/ViewCodePreview.xcodeproj; sourceTree = "<group>"; };
		DED47B8E275AA31700F299CB /* appStoreLayout.app */ = {isa = PBXFileReference; explicitFileType = wrapper.application; includeInIndex = 0; path = appStoreLayout.app; sourceTree = BUILT_PRODUCTS_DIR; };
		DED47B91275AA31700F299CB /* AppDelegate.swift */ = {isa = PBXFileReference; lastKnownFileType = sourcecode.swift; path = AppDelegate.swift; sourceTree = "<group>"; };
		DED47B93275AA31700F299CB /* SceneDelegate.swift */ = {isa = PBXFileReference; lastKnownFileType = sourcecode.swift; path = SceneDelegate.swift; sourceTree = "<group>"; };
		DED47B95275AA31700F299CB /* ViewController.swift */ = {isa = PBXFileReference; lastKnownFileType = sourcecode.swift; path = ViewController.swift; sourceTree = "<group>"; };
		DED47B9A275AA31C00F299CB /* Assets.xcassets */ = {isa = PBXFileReference; lastKnownFileType = folder.assetcatalog; path = Assets.xcassets; sourceTree = "<group>"; };
		DED47B9D275AA31C00F299CB /* Base */ = {isa = PBXFileReference; lastKnownFileType = file.storyboard; name = Base; path = Base.lproj/LaunchScreen.storyboard; sourceTree = "<group>"; };
		DED47B9F275AA31C00F299CB /* Info.plist */ = {isa = PBXFileReference; lastKnownFileType = text.plist.xml; path = Info.plist; sourceTree = "<group>"; };
/* End PBXFileReference section */

/* Begin PBXFrameworksBuildPhase section */
		DED47B8B275AA31700F299CB /* Frameworks */ = {
			isa = PBXFrameworksBuildPhase;
			buildActionMask = 2147483647;
			files = (
				DEAD031B275BCC0400CB6C0C /* ViewCodePreview.framework in Frameworks */,
			);
			runOnlyForDeploymentPostprocessing = 0;
		};
/* End PBXFrameworksBuildPhase section */

/* Begin PBXGroup section */
		DEAD0314275BCB2C00CB6C0C /* Products */ = {
			isa = PBXGroup;
			children = (
				DEAD0318275BCB2C00CB6C0C /* ViewCodePreview.framework */,
			);
			name = Products;
			sourceTree = "<group>";
		};
		DEAD031F275D7BAF00CB6C0C /* View */ = {
			isa = PBXGroup;
			children = (
				DEAD0321275D7BBC00CB6C0C /* Cell */,
				DED47B95275AA31700F299CB /* ViewController.swift */,
			);
			path = View;
			sourceTree = "<group>";
		};
		DEAD0321275D7BBC00CB6C0C /* Cell */ = {
			isa = PBXGroup;
			children = (
				DE94FFC0275E7A8E002181C8 /* FeatureCollectionViewCell.swift */,
				DE94FFCF2760185C002181C8 /* ListTableCell.swift */,
				DE94FFD227601F67002181C8 /* SectionHeader.swift */,
				DE95486B2763991500761D4F /* DownloadTableCell.swift */,
			);
			path = Cell;
			sourceTree = "<group>";
		};
		DEAD0322275D7BF000CB6C0C /* Utils */ = {
			isa = PBXGroup;
			children = (
				DE94FFD627603C06002181C8 /* ConfigureCell.swift */,
				DE94FFD927603C06002181C8 /* Decodable+Parse.swift */,
				DE94FFD827603C06002181C8 /* UIColor+Random.swift */,
				DE94FFD727603C06002181C8 /* UIView+Constraints.swift */,
				DE94FFDA27603C06002181C8 /* ViewCode.swift */,
				DE94FFC5275E94C3002181C8 /* CollectionViewCell+Extensions.swift */,
			);
			path = Utils;
			sourceTree = "<group>";
		};
		DEAD032E275D7C4800CB6C0C /* Model */ = {
			isa = PBXGroup;
			children = (
				DE94FFE027603C33002181C8 /* App.swift */,
				DE94FFE127603C33002181C8 /* Section.swift */,
				DEAD0335275D7CD400CB6C0C /* Mock */,
			);
			path = Model;
			sourceTree = "<group>";
		};
		DEAD0335275D7CD400CB6C0C /* Mock */ = {
			isa = PBXGroup;
			children = (
				DE94FFC8275EAACB002181C8 /* sampleData.json */,
			);
			path = Mock;
			sourceTree = "<group>";
		};
		DED47B85275AA31700F299CB = {
			isa = PBXGroup;
			children = (
				DEAD0313275BCB2C00CB6C0C /* ViewCodePreview.xcodeproj */,
				DED47B90275AA31700F299CB /* appStoreLayout */,
				DED47B8F275AA31700F299CB /* Products */,
				DED47BBF275AA6AA00F299CB /* Frameworks */,
			);
			sourceTree = "<group>";
		};
		DED47B8F275AA31700F299CB /* Products */ = {
			isa = PBXGroup;
			children = (
				DED47B8E275AA31700F299CB /* appStoreLayout.app */,
			);
			name = Products;
			sourceTree = "<group>";
		};
		DED47B90275AA31700F299CB /* appStoreLayout */ = {
			isa = PBXGroup;
			children = (
				DEAD032E275D7C4800CB6C0C /* Model */,
				DEAD0322275D7BF000CB6C0C /* Utils */,
				DED47BBE275AA68E00F299CB /* AppDelegate */,
				DEAD031F275D7BAF00CB6C0C /* View */,
				DED47B9A275AA31C00F299CB /* Assets.xcassets */,
				DED47B9C275AA31C00F299CB /* LaunchScreen.storyboard */,
				DED47B9F275AA31C00F299CB /* Info.plist */,
			);
			path = appStoreLayout;
			sourceTree = "<group>";
		};
		DED47BBE275AA68E00F299CB /* AppDelegate */ = {
			isa = PBXGroup;
			children = (
				DED47B91275AA31700F299CB /* AppDelegate.swift */,
				DED47B93275AA31700F299CB /* SceneDelegate.swift */,
			);
			path = AppDelegate;
			sourceTree = "<group>";
		};
		DED47BBF275AA6AA00F299CB /* Frameworks */ = {
			isa = PBXGroup;
			children = (
				DEAD0310275BCA5A00CB6C0C /* ViewCodePreview.framework */,
			);
			name = Frameworks;
			sourceTree = "<group>";
		};
/* End PBXGroup section */

/* Begin PBXNativeTarget section */
		DED47B8D275AA31700F299CB /* appStoreLayout */ = {
			isa = PBXNativeTarget;
			buildConfigurationList = DED47BA2275AA31C00F299CB /* Build configuration list for PBXNativeTarget "appStoreLayout" */;
			buildPhases = (
				DED47B8A275AA31700F299CB /* Sources */,
				DED47B8B275AA31700F299CB /* Frameworks */,
				DED47B8C275AA31700F299CB /* Resources */,
				DEAD031D275BCC0400CB6C0C /* Embed Frameworks */,
			);
			buildRules = (
			);
			dependencies = (
			);
			name = appStoreLayout;
			productName = appStoreLayout;
			productReference = DED47B8E275AA31700F299CB /* appStoreLayout.app */;
			productType = "com.apple.product-type.application";
		};
/* End PBXNativeTarget section */

/* Begin PBXProject section */
		DED47B86275AA31700F299CB /* Project object */ = {
			isa = PBXProject;
			attributes = {
				BuildIndependentTargetsInParallel = 1;
				LastSwiftUpdateCheck = 1300;
				LastUpgradeCheck = 1300;
				TargetAttributes = {
					DED47B8D275AA31700F299CB = {
						CreatedOnToolsVersion = 13.0;
					};
				};
			};
			buildConfigurationList = DED47B89275AA31700F299CB /* Build configuration list for PBXProject "appStoreLayout" */;
			compatibilityVersion = "Xcode 13.0";
			developmentRegion = en;
			hasScannedForEncodings = 0;
			knownRegions = (
				en,
				Base,
			);
			mainGroup = DED47B85275AA31700F299CB;
			productRefGroup = DED47B8F275AA31700F299CB /* Products */;
			projectDirPath = "";
			projectReferences = (
				{
					ProductGroup = DEAD0314275BCB2C00CB6C0C /* Products */;
					ProjectRef = DEAD0313275BCB2C00CB6C0C /* ViewCodePreview.xcodeproj */;
				},
			);
			projectRoot = "";
			targets = (
				DED47B8D275AA31700F299CB /* appStoreLayout */,
			);
		};
/* End PBXProject section */

/* Begin PBXReferenceProxy section */
		DEAD0318275BCB2C00CB6C0C /* ViewCodePreview.framework */ = {
			isa = PBXReferenceProxy;
			fileType = wrapper.framework;
			path = ViewCodePreview.framework;
			remoteRef = DEAD0317275BCB2C00CB6C0C /* PBXContainerItemProxy */;
			sourceTree = BUILT_PRODUCTS_DIR;
		};
/* End PBXReferenceProxy section */

/* Begin PBXResourcesBuildPhase section */
		DED47B8C275AA31700F299CB /* Resources */ = {
			isa = PBXResourcesBuildPhase;
			buildActionMask = 2147483647;
			files = (
				DED47B9E275AA31C00F299CB /* LaunchScreen.storyboard in Resources */,
				DE94FFC9275EAACB002181C8 /* sampleData.json in Resources */,
				DED47B9B275AA31C00F299CB /* Assets.xcassets in Resources */,
			);
			runOnlyForDeploymentPostprocessing = 0;
		};
/* End PBXResourcesBuildPhase section */

/* Begin PBXSourcesBuildPhase section */
		DED47B8A275AA31700F299CB /* Sources */ = {
			isa = PBXSourcesBuildPhase;
			buildActionMask = 2147483647;
			files = (
				DE95486C2763991500761D4F /* DownloadTableCell.swift in Sources */,
				DE94FFE227603C33002181C8 /* App.swift in Sources */,
				DE94FFDB27603C06002181C8 /* ConfigureCell.swift in Sources */,
				DED47BCA275AAF2C00F299CB /* ViewController.swift in Sources */,
				DE94FFE327603C33002181C8 /* Section.swift in Sources */,
				DE94FFDF27603C06002181C8 /* ViewCode.swift in Sources */,
				DE94FFC6275E94C3002181C8 /* CollectionViewCell+Extensions.swift in Sources */,
				DE94FFDD27603C06002181C8 /* UIColor+Random.swift in Sources */,
				DE94FFDE27603C06002181C8 /* Decodable+Parse.swift in Sources */,
				DED47B92275AA31700F299CB /* AppDelegate.swift in Sources */,
				DED47B94275AA31700F299CB /* SceneDelegate.swift in Sources */,
				DE94FFD327601F67002181C8 /* SectionHeader.swift in Sources */,
				DE94FFC1275E7A8E002181C8 /* FeatureCollectionViewCell.swift in Sources */,
				DE94FFDC27603C06002181C8 /* UIView+Constraints.swift in Sources */,
				DE94FFD02760185C002181C8 /* ListTableCell.swift in Sources */,
				DE94FFD327601F67002181C8 /* SectionHeader.swift in Sources */,
				DE94FFC1275E7A8E002181C8 /* FeatureCollectionViewCell.swift in Sources */,
				DE94FFD02760185C002181C8 /* ListTableCell.swift in Sources */,
			);
			runOnlyForDeploymentPostprocessing = 0;
		};
/* End PBXSourcesBuildPhase section */

/* Begin PBXVariantGroup section */
		DED47B9C275AA31C00F299CB /* LaunchScreen.storyboard */ = {
			isa = PBXVariantGroup;
			children = (
				DED47B9D275AA31C00F299CB /* Base */,
			);
			name = LaunchScreen.storyboard;
			sourceTree = "<group>";
		};
/* End PBXVariantGroup section */

/* Begin XCBuildConfiguration section */
		DED47BA0275AA31C00F299CB /* Debug */ = {
			isa = XCBuildConfiguration;
			buildSettings = {
				ALWAYS_SEARCH_USER_PATHS = NO;
				CLANG_ANALYZER_NONNULL = YES;
				CLANG_ANALYZER_NUMBER_OBJECT_CONVERSION = YES_AGGRESSIVE;
				CLANG_CXX_LANGUAGE_STANDARD = "gnu++17";
				CLANG_CXX_LIBRARY = "libc++";
				CLANG_ENABLE_MODULES = YES;
				CLANG_ENABLE_OBJC_ARC = YES;
				CLANG_ENABLE_OBJC_WEAK = YES;
				CLANG_WARN_BLOCK_CAPTURE_AUTORELEASING = YES;
				CLANG_WARN_BOOL_CONVERSION = YES;
				CLANG_WARN_COMMA = YES;
				CLANG_WARN_CONSTANT_CONVERSION = YES;
				CLANG_WARN_DEPRECATED_OBJC_IMPLEMENTATIONS = YES;
				CLANG_WARN_DIRECT_OBJC_ISA_USAGE = YES_ERROR;
				CLANG_WARN_DOCUMENTATION_COMMENTS = YES;
				CLANG_WARN_EMPTY_BODY = YES;
				CLANG_WARN_ENUM_CONVERSION = YES;
				CLANG_WARN_INFINITE_RECURSION = YES;
				CLANG_WARN_INT_CONVERSION = YES;
				CLANG_WARN_NON_LITERAL_NULL_CONVERSION = YES;
				CLANG_WARN_OBJC_IMPLICIT_RETAIN_SELF = YES;
				CLANG_WARN_OBJC_LITERAL_CONVERSION = YES;
				CLANG_WARN_OBJC_ROOT_CLASS = YES_ERROR;
				CLANG_WARN_QUOTED_INCLUDE_IN_FRAMEWORK_HEADER = YES;
				CLANG_WARN_RANGE_LOOP_ANALYSIS = YES;
				CLANG_WARN_STRICT_PROTOTYPES = YES;
				CLANG_WARN_SUSPICIOUS_MOVE = YES;
				CLANG_WARN_UNGUARDED_AVAILABILITY = YES_AGGRESSIVE;
				CLANG_WARN_UNREACHABLE_CODE = YES;
				CLANG_WARN__DUPLICATE_METHOD_MATCH = YES;
				COPY_PHASE_STRIP = NO;
				DEBUG_INFORMATION_FORMAT = dwarf;
				ENABLE_STRICT_OBJC_MSGSEND = YES;
				ENABLE_TESTABILITY = YES;
				GCC_C_LANGUAGE_STANDARD = gnu11;
				GCC_DYNAMIC_NO_PIC = NO;
				GCC_NO_COMMON_BLOCKS = YES;
				GCC_OPTIMIZATION_LEVEL = 0;
				GCC_PREPROCESSOR_DEFINITIONS = (
					"DEBUG=1",
					"$(inherited)",
				);
				GCC_WARN_64_TO_32_BIT_CONVERSION = YES;
				GCC_WARN_ABOUT_RETURN_TYPE = YES_ERROR;
				GCC_WARN_UNDECLARED_SELECTOR = YES;
				GCC_WARN_UNINITIALIZED_AUTOS = YES_AGGRESSIVE;
				GCC_WARN_UNUSED_FUNCTION = YES;
				GCC_WARN_UNUSED_VARIABLE = YES;
				IPHONEOS_DEPLOYMENT_TARGET = 15.0;
				MTL_ENABLE_DEBUG_INFO = INCLUDE_SOURCE;
				MTL_FAST_MATH = YES;
				ONLY_ACTIVE_ARCH = YES;
				SDKROOT = iphoneos;
				SWIFT_ACTIVE_COMPILATION_CONDITIONS = DEBUG;
				SWIFT_OPTIMIZATION_LEVEL = "-Onone";
			};
			name = Debug;
		};
		DED47BA1275AA31C00F299CB /* Release */ = {
			isa = XCBuildConfiguration;
			buildSettings = {
				ALWAYS_SEARCH_USER_PATHS = NO;
				CLANG_ANALYZER_NONNULL = YES;
				CLANG_ANALYZER_NUMBER_OBJECT_CONVERSION = YES_AGGRESSIVE;
				CLANG_CXX_LANGUAGE_STANDARD = "gnu++17";
				CLANG_CXX_LIBRARY = "libc++";
				CLANG_ENABLE_MODULES = YES;
				CLANG_ENABLE_OBJC_ARC = YES;
				CLANG_ENABLE_OBJC_WEAK = YES;
				CLANG_WARN_BLOCK_CAPTURE_AUTORELEASING = YES;
				CLANG_WARN_BOOL_CONVERSION = YES;
				CLANG_WARN_COMMA = YES;
				CLANG_WARN_CONSTANT_CONVERSION = YES;
				CLANG_WARN_DEPRECATED_OBJC_IMPLEMENTATIONS = YES;
				CLANG_WARN_DIRECT_OBJC_ISA_USAGE = YES_ERROR;
				CLANG_WARN_DOCUMENTATION_COMMENTS = YES;
				CLANG_WARN_EMPTY_BODY = YES;
				CLANG_WARN_ENUM_CONVERSION = YES;
				CLANG_WARN_INFINITE_RECURSION = YES;
				CLANG_WARN_INT_CONVERSION = YES;
				CLANG_WARN_NON_LITERAL_NULL_CONVERSION = YES;
				CLANG_WARN_OBJC_IMPLICIT_RETAIN_SELF = YES;
				CLANG_WARN_OBJC_LITERAL_CONVERSION = YES;
				CLANG_WARN_OBJC_ROOT_CLASS = YES_ERROR;
				CLANG_WARN_QUOTED_INCLUDE_IN_FRAMEWORK_HEADER = YES;
				CLANG_WARN_RANGE_LOOP_ANALYSIS = YES;
				CLANG_WARN_STRICT_PROTOTYPES = YES;
				CLANG_WARN_SUSPICIOUS_MOVE = YES;
				CLANG_WARN_UNGUARDED_AVAILABILITY = YES_AGGRESSIVE;
				CLANG_WARN_UNREACHABLE_CODE = YES;
				CLANG_WARN__DUPLICATE_METHOD_MATCH = YES;
				COPY_PHASE_STRIP = NO;
				DEBUG_INFORMATION_FORMAT = "dwarf-with-dsym";
				ENABLE_NS_ASSERTIONS = NO;
				ENABLE_STRICT_OBJC_MSGSEND = YES;
				GCC_C_LANGUAGE_STANDARD = gnu11;
				GCC_NO_COMMON_BLOCKS = YES;
				GCC_WARN_64_TO_32_BIT_CONVERSION = YES;
				GCC_WARN_ABOUT_RETURN_TYPE = YES_ERROR;
				GCC_WARN_UNDECLARED_SELECTOR = YES;
				GCC_WARN_UNINITIALIZED_AUTOS = YES_AGGRESSIVE;
				GCC_WARN_UNUSED_FUNCTION = YES;
				GCC_WARN_UNUSED_VARIABLE = YES;
				IPHONEOS_DEPLOYMENT_TARGET = 15.0;
				MTL_ENABLE_DEBUG_INFO = NO;
				MTL_FAST_MATH = YES;
				SDKROOT = iphoneos;
				SWIFT_COMPILATION_MODE = wholemodule;
				SWIFT_OPTIMIZATION_LEVEL = "-O";
				VALIDATE_PRODUCT = YES;
			};
			name = Release;
		};
		DED47BA3275AA31C00F299CB /* Debug */ = {
			isa = XCBuildConfiguration;
			buildSettings = {
				ASSETCATALOG_COMPILER_APPICON_NAME = AppIcon;
				ASSETCATALOG_COMPILER_GLOBAL_ACCENT_COLOR_NAME = AccentColor;
				CODE_SIGN_STYLE = Automatic;
				CURRENT_PROJECT_VERSION = 1;
				DEVELOPMENT_TEAM = WKN62NB674;
				GENERATE_INFOPLIST_FILE = YES;
				INFOPLIST_FILE = appStoreLayout/Info.plist;
				INFOPLIST_KEY_UIApplicationSupportsIndirectInputEvents = YES;
				INFOPLIST_KEY_UILaunchStoryboardName = LaunchScreen;
				INFOPLIST_KEY_UISupportedInterfaceOrientations = UIInterfaceOrientationPortrait;
				INFOPLIST_KEY_UISupportedInterfaceOrientations_iPad = "UIInterfaceOrientationPortrait UIInterfaceOrientationPortraitUpsideDown UIInterfaceOrientationLandscapeLeft UIInterfaceOrientationLandscapeRight";
				INFOPLIST_KEY_UISupportedInterfaceOrientations_iPhone = "UIInterfaceOrientationPortrait UIInterfaceOrientationLandscapeLeft UIInterfaceOrientationLandscapeRight";
				IPHONEOS_DEPLOYMENT_TARGET = 14.4;
				LD_RUNPATH_SEARCH_PATHS = (
					"$(inherited)",
					"@executable_path/Frameworks",
				);
				MARKETING_VERSION = 1.0;
				PRODUCT_BUNDLE_IDENTIFIER = appStore.app;
				PRODUCT_NAME = "$(TARGET_NAME)";
				SWIFT_EMIT_LOC_STRINGS = YES;
				SWIFT_VERSION = 5.0;
				TARGETED_DEVICE_FAMILY = 1;
			};
			name = Debug;
		};
		DED47BA4275AA31C00F299CB /* Release */ = {
			isa = XCBuildConfiguration;
			buildSettings = {
				ASSETCATALOG_COMPILER_APPICON_NAME = AppIcon;
				ASSETCATALOG_COMPILER_GLOBAL_ACCENT_COLOR_NAME = AccentColor;
				CODE_SIGN_STYLE = Automatic;
				CURRENT_PROJECT_VERSION = 1;
				DEVELOPMENT_TEAM = WKN62NB674;
				GENERATE_INFOPLIST_FILE = YES;
				INFOPLIST_FILE = appStoreLayout/Info.plist;
				INFOPLIST_KEY_UIApplicationSupportsIndirectInputEvents = YES;
				INFOPLIST_KEY_UILaunchStoryboardName = LaunchScreen;
				INFOPLIST_KEY_UISupportedInterfaceOrientations = UIInterfaceOrientationPortrait;
				INFOPLIST_KEY_UISupportedInterfaceOrientations_iPad = "UIInterfaceOrientationPortrait UIInterfaceOrientationPortraitUpsideDown UIInterfaceOrientationLandscapeLeft UIInterfaceOrientationLandscapeRight";
				INFOPLIST_KEY_UISupportedInterfaceOrientations_iPhone = "UIInterfaceOrientationPortrait UIInterfaceOrientationLandscapeLeft UIInterfaceOrientationLandscapeRight";
				IPHONEOS_DEPLOYMENT_TARGET = 14.4;
				LD_RUNPATH_SEARCH_PATHS = (
					"$(inherited)",
					"@executable_path/Frameworks",
				);
				MARKETING_VERSION = 1.0;
				PRODUCT_BUNDLE_IDENTIFIER = appStore.app;
				PRODUCT_NAME = "$(TARGET_NAME)";
				SWIFT_EMIT_LOC_STRINGS = YES;
				SWIFT_VERSION = 5.0;
				TARGETED_DEVICE_FAMILY = 1;
			};
			name = Release;
		};
/* End XCBuildConfiguration section */

/* Begin XCConfigurationList section */
		DED47B89275AA31700F299CB /* Build configuration list for PBXProject "appStoreLayout" */ = {
			isa = XCConfigurationList;
			buildConfigurations = (
				DED47BA0275AA31C00F299CB /* Debug */,
				DED47BA1275AA31C00F299CB /* Release */,
			);
			defaultConfigurationIsVisible = 0;
			defaultConfigurationName = Release;
		};
		DED47BA2275AA31C00F299CB /* Build configuration list for PBXNativeTarget "appStoreLayout" */ = {
			isa = XCConfigurationList;
			buildConfigurations = (
				DED47BA3275AA31C00F299CB /* Debug */,
				DED47BA4275AA31C00F299CB /* Release */,
			);
			defaultConfigurationIsVisible = 0;
			defaultConfigurationName = Release;
		};
/* End XCConfigurationList section */
	};
	rootObject = DED47B86275AA31700F299CB /* Project object */;
}
